
Microsoft Visual Studio Solution File, Format Version 12.00
# Visual Studio Version 17
VisualStudioVersion = 17.3.32929.385
MinimumVisualStudioVersion = 10.0.40219.1
Project("{FAE04EC0-301F-11D3-BF4B-00C04F79EFBC}") = "MainLanco", "MainLanco\MainLanco.csproj", "{FB5E9197-1C36-4028-83E5-684449A39C07}"
EndProject
Project("{FAE04EC0-301F-11D3-BF4B-00C04F79EFBC}") = "DatosLAnco", "DatosLAnco\DatosLAnco.csproj", "{403EC01C-B70D-42E5-A242-8B5692572C01}"
EndProject
Global
	GlobalSection(SolutionConfigurationPlatforms) = preSolution
		Debug|Any CPU = Debug|Any CPU
		Release|Any CPU = Release|Any CPU
	EndGlobalSection
	GlobalSection(ProjectConfigurationPlatforms) = postSolution
		{FB5E9197-1C36-4028-83E5-684449A39C07}.Debug|Any CPU.ActiveCfg = Debug|Any CPU
		{FB5E9197-1C36-4028-83E5-684449A39C07}.Debug|Any CPU.Build.0 = Debug|Any CPU
		{FB5E9197-1C36-4028-83E5-684449A39C07}.Release|Any CPU.ActiveCfg = Release|Any CPU
		{FB5E9197-1C36-4028-83E5-684449A39C07}.Release|Any CPU.Build.0 = Release|Any CPU
		{403EC01C-B70D-42E5-A242-8B5692572C01}.Debug|Any CPU.ActiveCfg = Debug|Any CPU
		{403EC01C-B70D-42E5-A242-8B5692572C01}.Debug|Any CPU.Build.0 = Debug|Any CPU
		{403EC01C-B70D-42E5-A242-8B5692572C01}.Release|Any CPU.ActiveCfg = Release|Any CPU
		{403EC01C-B70D-42E5-A242-8B5692572C01}.Release|Any CPU.Build.0 = Release|Any CPU
	EndGlobalSection
	GlobalSection(SolutionProperties) = preSolution
		HideSolutionNode = FALSE
	EndGlobalSection
	GlobalSection(ExtensibilityGlobals) = postSolution
		SolutionGuid = {6D2A334A-3C13-426B-96C7-3C6F3B7A6D44}
	EndGlobalSection
EndGlobal
